
Microsoft Visual Studio Solution File, Format Version 12.00
# Visual Studio Version 17
VisualStudioVersion = 17.0.31903.59
MinimumVisualStudioVersion = 10.0.40219.1
Project("{2150E333-8FDC-42A3-9474-1A3956D46DE8}") = "src", "src", "{827E0CD3-B72D-47B6-A68D-7590B98EB39B}"
EndProject
Project("{FAE04EC0-301F-11D3-BF4B-00C04F79EFBC}") = "ClinicManagement.API", "src\ClinicManagement.API\ClinicManagement.API.csproj", "{C37D581E-722A-4395-96D0-B094A0FF9F82}"
EndProject
Project("{FAE04EC0-301F-11D3-BF4B-00C04F79EFBC}") = "ClinicManagement.Core", "src\ClinicManagement.Core\ClinicManagement.Core.csproj", "{32F9C79E-C1A2-443A-9B92-4AD54ACBF285}"
EndProject
Project("{FAE04EC0-301F-11D3-BF4B-00C04F79EFBC}") = "ClinicManagement.Infrastructure", "src\ClinicManagement.Infrastructure\ClinicManagement.Infrastructure.csproj", "{174F642B-D267-4B45-BBF2-E29186AF2521}"
EndProject
Global
	GlobalSection(SolutionConfigurationPlatforms) = preSolution
		Debug|Any CPU = Debug|Any CPU
		Debug|x64 = Debug|x64
		Debug|x86 = Debug|x86
		Release|Any CPU = Release|Any CPU
		Release|x64 = Release|x64
		Release|x86 = Release|x86
	EndGlobalSection
	GlobalSection(ProjectConfigurationPlatforms) = postSolution
		{C37D581E-722A-4395-96D0-B094A0FF9F82}.Debug|Any CPU.ActiveCfg = Debug|Any CPU
		{C37D581E-722A-4395-96D0-B094A0FF9F82}.Debug|Any CPU.Build.0 = Debug|Any CPU
		{C37D581E-722A-4395-96D0-B094A0FF9F82}.Debug|x64.ActiveCfg = Debug|Any CPU
		{C37D581E-722A-4395-96D0-B094A0FF9F82}.Debug|x64.Build.0 = Debug|Any CPU
		{C37D581E-722A-4395-96D0-B094A0FF9F82}.Debug|x86.ActiveCfg = Debug|Any CPU
		{C37D581E-722A-4395-96D0-B094A0FF9F82}.Debug|x86.Build.0 = Debug|Any CPU
		{C37D581E-722A-4395-96D0-B094A0FF9F82}.Release|Any CPU.ActiveCfg = Release|Any CPU
		{C37D581E-722A-4395-96D0-B094A0FF9F82}.Release|Any CPU.Build.0 = Release|Any CPU
		{C37D581E-722A-4395-96D0-B094A0FF9F82}.Release|x64.ActiveCfg = Release|Any CPU
		{C37D581E-722A-4395-96D0-B094A0FF9F82}.Release|x64.Build.0 = Release|Any CPU
		{C37D581E-722A-4395-96D0-B094A0FF9F82}.Release|x86.ActiveCfg = Release|Any CPU
		{C37D581E-722A-4395-96D0-B094A0FF9F82}.Release|x86.Build.0 = Release|Any CPU
		{32F9C79E-C1A2-443A-9B92-4AD54ACBF285}.Debug|Any CPU.ActiveCfg = Debug|Any CPU
		{32F9C79E-C1A2-443A-9B92-4AD54ACBF285}.Debug|Any CPU.Build.0 = Debug|Any CPU
		{32F9C79E-C1A2-443A-9B92-4AD54ACBF285}.Debug|x64.ActiveCfg = Debug|Any CPU
		{32F9C79E-C1A2-443A-9B92-4AD54ACBF285}.Debug|x64.Build.0 = Debug|Any CPU
		{32F9C79E-C1A2-443A-9B92-4AD54ACBF285}.Debug|x86.ActiveCfg = Debug|Any CPU
		{32F9C79E-C1A2-443A-9B92-4AD54ACBF285}.Debug|x86.Build.0 = Debug|Any CPU
		{32F9C79E-C1A2-443A-9B92-4AD54ACBF285}.Release|Any CPU.ActiveCfg = Release|Any CPU
		{32F9C79E-C1A2-443A-9B92-4AD54ACBF285}.Release|Any CPU.Build.0 = Release|Any CPU
		{32F9C79E-C1A2-443A-9B92-4AD54ACBF285}.Release|x64.ActiveCfg = Release|Any CPU
		{32F9C79E-C1A2-443A-9B92-4AD54ACBF285}.Release|x64.Build.0 = Release|Any CPU
		{32F9C79E-C1A2-443A-9B92-4AD54ACBF285}.Release|x86.ActiveCfg = Release|Any CPU
		{32F9C79E-C1A2-443A-9B92-4AD54ACBF285}.Release|x86.Build.0 = Release|Any CPU
		{174F642B-D267-4B45-BBF2-E29186AF2521}.Debug|Any CPU.ActiveCfg = Debug|Any CPU
		{174F642B-D267-4B45-BBF2-E29186AF2521}.Debug|Any CPU.Build.0 = Debug|Any CPU
		{174F642B-D267-4B45-BBF2-E29186AF2521}.Debug|x64.ActiveCfg = Debug|Any CPU
		{174F642B-D267-4B45-BBF2-E29186AF2521}.Debug|x64.Build.0 = Debug|Any CPU
		{174F642B-D267-4B45-BBF2-E29186AF2521}.Debug|x86.ActiveCfg = Debug|Any CPU
		{174F642B-D267-4B45-BBF2-E29186AF2521}.Debug|x86.Build.0 = Debug|Any CPU
		{174F642B-D267-4B45-BBF2-E29186AF2521}.Release|Any CPU.ActiveCfg = Release|Any CPU
		{174F642B-D267-4B45-BBF2-E29186AF2521}.Release|Any CPU.Build.0 = Release|Any CPU
		{174F642B-D267-4B45-BBF2-E29186AF2521}.Release|x64.ActiveCfg = Release|Any CPU
		{174F642B-D267-4B45-BBF2-E29186AF2521}.Release|x64.Build.0 = Release|Any CPU
		{174F642B-D267-4B45-BBF2-E29186AF2521}.Release|x86.ActiveCfg = Release|Any CPU
		{174F642B-D267-4B45-BBF2-E29186AF2521}.Release|x86.Build.0 = Release|Any CPU
	EndGlobalSection
	GlobalSection(SolutionProperties) = preSolution
		HideSolutionNode = FALSE
	EndGlobalSection
	GlobalSection(NestedProjects) = preSolution
		{C37D581E-722A-4395-96D0-B094A0FF9F82} = {827E0CD3-B72D-47B6-A68D-7590B98EB39B}
		{32F9C79E-C1A2-443A-9B92-4AD54ACBF285} = {827E0CD3-B72D-47B6-A68D-7590B98EB39B}
		{174F642B-D267-4B45-BBF2-E29186AF2521} = {827E0CD3-B72D-47B6-A68D-7590B98EB39B}
	EndGlobalSection
EndGlobal
